
Microsoft Visual Studio Solution File, Format Version 12.00
# Visual Studio 2013
VisualStudioVersion = 12.0.21005.1
MinimumVisualStudioVersion = 10.0.40219.1
Project("{8BC9CEB8-8B4A-11D0-8D11-00A0C91BC942}") = "fanndouble", "project\fanndouble.vcxproj", "{7FFD0423-9EE1-4CB9-AAF0-6FC5F82535FF}"
EndProject
Project("{8BC9CEB8-8B4A-11D0-8D11-00A0C91BC942}") = "fannfixed", "project\fannfixed.vcxproj", "{80EE4A35-E029-4E6E-914D-899D409F40DF}"
EndProject
Project("{8BC9CEB8-8B4A-11D0-8D11-00A0C91BC942}") = "fannfloat", "project\fannfloat.vcxproj", "{2F0EC4B6-B3F8-4A05-A884-B935E82E1390}"
EndProject
Project("{8BC9CEB8-8B4A-11D0-8D11-00A0C91BC942}") = "SimpleClient", "project\SimpleClient.vcxproj", "{AC249247-EC0A-409E-8C81-487B130AF76C}"
	ProjectSection(ProjectDependencies) = postProject
		{7FFD0423-9EE1-4CB9-AAF0-6FC5F82535FF} = {7FFD0423-9EE1-4CB9-AAF0-6FC5F82535FF}
		{80EE4A35-E029-4E6E-914D-899D409F40DF} = {80EE4A35-E029-4E6E-914D-899D409F40DF}
		{2F0EC4B6-B3F8-4A05-A884-B935E82E1390} = {2F0EC4B6-B3F8-4A05-A884-B935E82E1390}
	EndProjectSection
EndProject
Project("{2150E333-8FDC-42A3-9474-1A3956D46DE8}") = "Dependencies", "Dependencies", "{1D612DB0-97F6-4DC7-895B-708F3129DF4A}"
EndProject
Project("{2150E333-8FDC-42A3-9474-1A3956D46DE8}") = "Main", "Main", "{B83C1B5D-4FDE-43BF-BC10-227F705589DE}"
EndProject
Global
	GlobalSection(SolutionConfigurationPlatforms) = preSolution
		Debug|Win32 = Debug|Win32
		Release|Win32 = Release|Win32
	EndGlobalSection
	GlobalSection(ProjectConfigurationPlatforms) = postSolution
		{7FFD0423-9EE1-4CB9-AAF0-6FC5F82535FF}.Debug|Win32.ActiveCfg = Debug|Win32
		{7FFD0423-9EE1-4CB9-AAF0-6FC5F82535FF}.Debug|Win32.Build.0 = Debug|Win32
		{7FFD0423-9EE1-4CB9-AAF0-6FC5F82535FF}.Release|Win32.ActiveCfg = Release|Win32
		{7FFD0423-9EE1-4CB9-AAF0-6FC5F82535FF}.Release|Win32.Build.0 = Release|Win32
		{80EE4A35-E029-4E6E-914D-899D409F40DF}.Debug|Win32.ActiveCfg = Debug|Win32
		{80EE4A35-E029-4E6E-914D-899D409F40DF}.Debug|Win32.Build.0 = Debug|Win32
		{80EE4A35-E029-4E6E-914D-899D409F40DF}.Release|Win32.ActiveCfg = Release|Win32
		{80EE4A35-E029-4E6E-914D-899D409F40DF}.Release|Win32.Build.0 = Release|Win32
		{2F0EC4B6-B3F8-4A05-A884-B935E82E1390}.Debug|Win32.ActiveCfg = Debug|Win32
		{2F0EC4B6-B3F8-4A05-A884-B935E82E1390}.Debug|Win32.Build.0 = Debug|Win32
		{2F0EC4B6-B3F8-4A05-A884-B935E82E1390}.Release|Win32.ActiveCfg = Release|Win32
		{2F0EC4B6-B3F8-4A05-A884-B935E82E1390}.Release|Win32.Build.0 = Release|Win32
		{AC249247-EC0A-409E-8C81-487B130AF76C}.Debug|Win32.ActiveCfg = Debug|Win32
		{AC249247-EC0A-409E-8C81-487B130AF76C}.Debug|Win32.Build.0 = Debug|Win32
		{AC249247-EC0A-409E-8C81-487B130AF76C}.Release|Win32.ActiveCfg = Release|Win32
		{AC249247-EC0A-409E-8C81-487B130AF76C}.Release|Win32.Build.0 = Release|Win32
	EndGlobalSection
	GlobalSection(SolutionProperties) = preSolution
		HideSolutionNode = FALSE
	EndGlobalSection
	GlobalSection(NestedProjects) = preSolution
		{7FFD0423-9EE1-4CB9-AAF0-6FC5F82535FF} = {1D612DB0-97F6-4DC7-895B-708F3129DF4A}
		{80EE4A35-E029-4E6E-914D-899D409F40DF} = {1D612DB0-97F6-4DC7-895B-708F3129DF4A}
		{2F0EC4B6-B3F8-4A05-A884-B935E82E1390} = {1D612DB0-97F6-4DC7-895B-708F3129DF4A}
		{AC249247-EC0A-409E-8C81-487B130AF76C} = {B83C1B5D-4FDE-43BF-BC10-227F705589DE}
	EndGlobalSection
EndGlobal
