
Microsoft Visual Studio Solution File, Format Version 12.00
# Visual Studio 14
VisualStudioVersion = 14.0.24720.0
MinimumVisualStudioVersion = 10.0.40219.1
Project("{8BC9CEB8-8B4A-11D0-8D11-00A0C91BC942}") = "fanndouble", "project\fanndouble.vcxproj", "{7FFD0423-9EE1-4CB9-AAF0-6FC5F82535FF}"
EndProject
Project("{8BC9CEB8-8B4A-11D0-8D11-00A0C91BC942}") = "fannfixed", "project\fannfixed.vcxproj", "{80EE4A35-E029-4E6E-914D-899D409F40DF}"
EndProject
Project("{8BC9CEB8-8B4A-11D0-8D11-00A0C91BC942}") = "fannfloat", "project\fannfloat.vcxproj", "{2F0EC4B6-B3F8-4A05-A884-B935E82E1390}"
EndProject
Project("{8BC9CEB8-8B4A-11D0-8D11-00A0C91BC942}") = "TorcsClient", "project\TorcsClient.vcxproj", "{AC249247-EC0A-409E-8C81-487B130AF76C}"
EndProject
Project("{2150E333-8FDC-42A3-9474-1A3956D46DE8}") = "Dependencies", "Dependencies", "{1D612DB0-97F6-4DC7-895B-708F3129DF4A}"
EndProject
Project("{8BC9CEB8-8B4A-11D0-8D11-00A0C91BC942}") = "Main", "main\Main.vcxproj", "{128FCD9F-E621-448F-BD11-375EF3FA9400}"
	ProjectSection(ProjectDependencies) = postProject
		{AC249247-EC0A-409E-8C81-487B130AF76C} = {AC249247-EC0A-409E-8C81-487B130AF76C}
		{278BB47A-5EC1-4010-AF5A-D81F5D1FC43B} = {278BB47A-5EC1-4010-AF5A-D81F5D1FC43B}
		{81CE8DAF-EBB2-4761-8E45-B71ABCCA8C68} = {81CE8DAF-EBB2-4761-8E45-B71ABCCA8C68}
		{DA956FD3-E142-46F2-9DD5-C78BEBB56B7A} = {DA956FD3-E142-46F2-9DD5-C78BEBB56B7A}
		{8C9738D5-FC84-49C3-9D80-43EA7082F01F} = {8C9738D5-FC84-49C3-9D80-43EA7082F01F}
	EndProjectSection
EndProject
Project("{8BC9CEB8-8B4A-11D0-8D11-00A0C91BC942}") = "ANNDriver", "project\ANNDriver.vcxproj", "{D2552415-9F1E-49BB-8AEE-1092E9251831}"
	ProjectSection(ProjectDependencies) = postProject
		{7FFD0423-9EE1-4CB9-AAF0-6FC5F82535FF} = {7FFD0423-9EE1-4CB9-AAF0-6FC5F82535FF}
		{80EE4A35-E029-4E6E-914D-899D409F40DF} = {80EE4A35-E029-4E6E-914D-899D409F40DF}
		{AC249247-EC0A-409E-8C81-487B130AF76C} = {AC249247-EC0A-409E-8C81-487B130AF76C}
		{278BB47A-5EC1-4010-AF5A-D81F5D1FC43B} = {278BB47A-5EC1-4010-AF5A-D81F5D1FC43B}
		{2F0EC4B6-B3F8-4A05-A884-B935E82E1390} = {2F0EC4B6-B3F8-4A05-A884-B935E82E1390}
	EndProjectSection
EndProject
Project("{8BC9CEB8-8B4A-11D0-8D11-00A0C91BC942}") = "SimpleDriver", "project\SimpleDriver.vcxproj", "{278BB47A-5EC1-4010-AF5A-D81F5D1FC43B}"
	ProjectSection(ProjectDependencies) = postProject
		{AC249247-EC0A-409E-8C81-487B130AF76C} = {AC249247-EC0A-409E-8C81-487B130AF76C}
	EndProjectSection
EndProject
Project("{2150E333-8FDC-42A3-9474-1A3956D46DE8}") = "Drivers", "Drivers", "{840CE464-58E0-4CFC-A844-70D7714D3440}"
EndProject
Project("{8BC9CEB8-8B4A-11D0-8D11-00A0C91BC942}") = "glm", "project\glm.vcxproj", "{8C9738D5-FC84-49C3-9D80-43EA7082F01F}"
EndProject
Project("{2150E333-8FDC-42A3-9474-1A3956D46DE8}") = "Programs", "Programs", "{D028A5A9-E17B-4C21-A9B0-FFE7F561C111}"
EndProject
Project("{8BC9CEB8-8B4A-11D0-8D11-00A0C91BC942}") = "SDL2", "project\SDL.vcxproj", "{81CE8DAF-EBB2-4761-8E45-B71ABCCA8C68}"
EndProject
Project("{8BC9CEB8-8B4A-11D0-8D11-00A0C91BC942}") = "SDL2main", "project\SDLmain.vcxproj", "{DA956FD3-E142-46F2-9DD5-C78BEBB56B7A}"
	ProjectSection(ProjectDependencies) = postProject
		{81CE8DAF-EBB2-4761-8E45-B71ABCCA8C68} = {81CE8DAF-EBB2-4761-8E45-B71ABCCA8C68}
	EndProjectSection
EndProject
Global
	GlobalSection(SolutionConfigurationPlatforms) = preSolution
		Debug|Win32 = Debug|Win32
		Release|Win32 = Release|Win32
	EndGlobalSection
	GlobalSection(ProjectConfigurationPlatforms) = postSolution
		{7FFD0423-9EE1-4CB9-AAF0-6FC5F82535FF}.Debug|Win32.ActiveCfg = Debug|Win32
		{7FFD0423-9EE1-4CB9-AAF0-6FC5F82535FF}.Debug|Win32.Build.0 = Debug|Win32
		{7FFD0423-9EE1-4CB9-AAF0-6FC5F82535FF}.Release|Win32.ActiveCfg = Release|Win32
		{7FFD0423-9EE1-4CB9-AAF0-6FC5F82535FF}.Release|Win32.Build.0 = Release|Win32
		{80EE4A35-E029-4E6E-914D-899D409F40DF}.Debug|Win32.ActiveCfg = Debug|Win32
		{80EE4A35-E029-4E6E-914D-899D409F40DF}.Debug|Win32.Build.0 = Debug|Win32
		{80EE4A35-E029-4E6E-914D-899D409F40DF}.Release|Win32.ActiveCfg = Release|Win32
		{80EE4A35-E029-4E6E-914D-899D409F40DF}.Release|Win32.Build.0 = Release|Win32
		{2F0EC4B6-B3F8-4A05-A884-B935E82E1390}.Debug|Win32.ActiveCfg = Debug|Win32
		{2F0EC4B6-B3F8-4A05-A884-B935E82E1390}.Debug|Win32.Build.0 = Debug|Win32
		{2F0EC4B6-B3F8-4A05-A884-B935E82E1390}.Release|Win32.ActiveCfg = Release|Win32
		{2F0EC4B6-B3F8-4A05-A884-B935E82E1390}.Release|Win32.Build.0 = Release|Win32
		{AC249247-EC0A-409E-8C81-487B130AF76C}.Debug|Win32.ActiveCfg = Debug|Win32
		{AC249247-EC0A-409E-8C81-487B130AF76C}.Debug|Win32.Build.0 = Debug|Win32
		{AC249247-EC0A-409E-8C81-487B130AF76C}.Release|Win32.ActiveCfg = Release|Win32
		{AC249247-EC0A-409E-8C81-487B130AF76C}.Release|Win32.Build.0 = Release|Win32
		{128FCD9F-E621-448F-BD11-375EF3FA9400}.Debug|Win32.ActiveCfg = Debug|Win32
		{128FCD9F-E621-448F-BD11-375EF3FA9400}.Debug|Win32.Build.0 = Debug|Win32
		{128FCD9F-E621-448F-BD11-375EF3FA9400}.Release|Win32.ActiveCfg = Release|Win32
		{128FCD9F-E621-448F-BD11-375EF3FA9400}.Release|Win32.Build.0 = Release|Win32
		{D2552415-9F1E-49BB-8AEE-1092E9251831}.Debug|Win32.ActiveCfg = Debug|Win32
		{D2552415-9F1E-49BB-8AEE-1092E9251831}.Debug|Win32.Build.0 = Debug|Win32
		{D2552415-9F1E-49BB-8AEE-1092E9251831}.Release|Win32.ActiveCfg = Release|Win32
		{D2552415-9F1E-49BB-8AEE-1092E9251831}.Release|Win32.Build.0 = Release|Win32
		{278BB47A-5EC1-4010-AF5A-D81F5D1FC43B}.Debug|Win32.ActiveCfg = Debug|Win32
		{278BB47A-5EC1-4010-AF5A-D81F5D1FC43B}.Debug|Win32.Build.0 = Debug|Win32
		{278BB47A-5EC1-4010-AF5A-D81F5D1FC43B}.Release|Win32.ActiveCfg = Release|Win32
		{278BB47A-5EC1-4010-AF5A-D81F5D1FC43B}.Release|Win32.Build.0 = Release|Win32
		{8C9738D5-FC84-49C3-9D80-43EA7082F01F}.Debug|Win32.ActiveCfg = Debug|Win32
		{8C9738D5-FC84-49C3-9D80-43EA7082F01F}.Debug|Win32.Build.0 = Debug|Win32
		{8C9738D5-FC84-49C3-9D80-43EA7082F01F}.Release|Win32.ActiveCfg = Release|Win32
		{8C9738D5-FC84-49C3-9D80-43EA7082F01F}.Release|Win32.Build.0 = Release|Win32
		{81CE8DAF-EBB2-4761-8E45-B71ABCCA8C68}.Debug|Win32.ActiveCfg = Debug|Win32
		{81CE8DAF-EBB2-4761-8E45-B71ABCCA8C68}.Debug|Win32.Build.0 = Debug|Win32
		{81CE8DAF-EBB2-4761-8E45-B71ABCCA8C68}.Release|Win32.ActiveCfg = Release|Win32
		{81CE8DAF-EBB2-4761-8E45-B71ABCCA8C68}.Release|Win32.Build.0 = Release|Win32
		{DA956FD3-E142-46F2-9DD5-C78BEBB56B7A}.Debug|Win32.ActiveCfg = Debug|Win32
		{DA956FD3-E142-46F2-9DD5-C78BEBB56B7A}.Debug|Win32.Build.0 = Debug|Win32
		{DA956FD3-E142-46F2-9DD5-C78BEBB56B7A}.Release|Win32.ActiveCfg = Release|Win32
		{DA956FD3-E142-46F2-9DD5-C78BEBB56B7A}.Release|Win32.Build.0 = Release|Win32
	EndGlobalSection
	GlobalSection(SolutionProperties) = preSolution
		HideSolutionNode = FALSE
	EndGlobalSection
	GlobalSection(NestedProjects) = preSolution
		{7FFD0423-9EE1-4CB9-AAF0-6FC5F82535FF} = {1D612DB0-97F6-4DC7-895B-708F3129DF4A}
		{80EE4A35-E029-4E6E-914D-899D409F40DF} = {1D612DB0-97F6-4DC7-895B-708F3129DF4A}
		{2F0EC4B6-B3F8-4A05-A884-B935E82E1390} = {1D612DB0-97F6-4DC7-895B-708F3129DF4A}
		{AC249247-EC0A-409E-8C81-487B130AF76C} = {1D612DB0-97F6-4DC7-895B-708F3129DF4A}
		{128FCD9F-E621-448F-BD11-375EF3FA9400} = {D028A5A9-E17B-4C21-A9B0-FFE7F561C111}
		{D2552415-9F1E-49BB-8AEE-1092E9251831} = {840CE464-58E0-4CFC-A844-70D7714D3440}
		{278BB47A-5EC1-4010-AF5A-D81F5D1FC43B} = {840CE464-58E0-4CFC-A844-70D7714D3440}
		{8C9738D5-FC84-49C3-9D80-43EA7082F01F} = {1D612DB0-97F6-4DC7-895B-708F3129DF4A}
		{81CE8DAF-EBB2-4761-8E45-B71ABCCA8C68} = {1D612DB0-97F6-4DC7-895B-708F3129DF4A}
		{DA956FD3-E142-46F2-9DD5-C78BEBB56B7A} = {1D612DB0-97F6-4DC7-895B-708F3129DF4A}
	EndGlobalSection
EndGlobal
